
Microsoft Visual Studio Solution File, Format Version 12.00
# Visual Studio Version 17
VisualStudioVersion = 17.14.36401.2 d17.14
MinimumVisualStudioVersion = 10.0.40219.1
Project("{FAE04EC0-301F-11D3-BF4B-00C04F79EFBC}") = "VoxTics", "VoxTics\VoxTics.csproj", "{F1F47621-2BB1-4A64-A31C-71E181D8A7CC}"
EndProject
Global
	GlobalSection(SolutionConfigurationPlatforms) = preSolution
		Debug|Any CPU = Debug|Any CPU
		Release|Any CPU = Release|Any CPU
	EndGlobalSection
	GlobalSection(ProjectConfigurationPlatforms) = postSolution
		{F1F47621-2BB1-4A64-A31C-71E181D8A7CC}.Debug|Any CPU.ActiveCfg = Debug|Any CPU
		{F1F47621-2BB1-4A64-A31C-71E181D8A7CC}.Debug|Any CPU.Build.0 = Debug|Any CPU
		{F1F47621-2BB1-4A64-A31C-71E181D8A7CC}.Release|Any CPU.ActiveCfg = Release|Any CPU
		{F1F47621-2BB1-4A64-A31C-71E181D8A7CC}.Release|Any CPU.Build.0 = Release|Any CPU
	EndGlobalSection
	GlobalSection(SolutionProperties) = preSolution
		HideSolutionNode = FALSE
	EndGlobalSection
	GlobalSection(ExtensibilityGlobals) = postSolution
		SolutionGuid = {5BAB2FE8-1BE7-47EE-8D96-28B418220AC5}
	EndGlobalSection
EndGlobal
